// !$*UTF8*$!
{
	archiveVersion = 1;
	classes = {
	};
	objectVersion = 55;
	objects = {

/* Begin PBXBuildFile section */
		F256AB0C27B0B59200A1058E /* dataset_lite.txt in Resources */ = {isa = PBXBuildFile; fileRef = F256AB0B27B0B59200A1058E /* dataset_lite.txt */; };
		F276372F27B33700004FF2FA /* HomeChessBoardView.swift in Sources */ = {isa = PBXBuildFile; fileRef = F276372E27B33700004FF2FA /* HomeChessBoardView.swift */; };
		F276373127B37555004FF2FA /* ChessBoardModel.swift in Sources */ = {isa = PBXBuildFile; fileRef = F276373027B37554004FF2FA /* ChessBoardModel.swift */; };
		F2F5638F27A768B5007D8511 /* ChessBookApp.swift in Sources */ = {isa = PBXBuildFile; fileRef = F2F5638E27A768B5007D8511 /* ChessBookApp.swift */; };
		F2F5639127A768B5007D8511 /* ContentView.swift in Sources */ = {isa = PBXBuildFile; fileRef = F2F5639027A768B5007D8511 /* ContentView.swift */; };
		F2F5639327A768B7007D8511 /* Assets.xcassets in Resources */ = {isa = PBXBuildFile; fileRef = F2F5639227A768B7007D8511 /* Assets.xcassets */; };
		F2F5639627A768B7007D8511 /* Preview Assets.xcassets in Resources */ = {isa = PBXBuildFile; fileRef = F2F5639527A768B7007D8511 /* Preview Assets.xcassets */; };
		F2F5639E27A76956007D8511 /* HomeView.swift in Sources */ = {isa = PBXBuildFile; fileRef = F2F5639D27A76956007D8511 /* HomeView.swift */; };
		F2F563A027A76960007D8511 /* HelpView.swift in Sources */ = {isa = PBXBuildFile; fileRef = F2F5639F27A76960007D8511 /* HelpView.swift */; };
		F2F563A227A76C6D007D8511 /* ColorExtension.swift in Sources */ = {isa = PBXBuildFile; fileRef = F2F563A127A76C6D007D8511 /* ColorExtension.swift */; };
		F2F563A927A8B3AE007D8511 /* Line.swift in Sources */ = {isa = PBXBuildFile; fileRef = F2F563A827A8B3AE007D8511 /* Line.swift */; };
		F2F563AB27A9F15F007D8511 /* DataModel.swift in Sources */ = {isa = PBXBuildFile; fileRef = F2F563AA27A9F15F007D8511 /* DataModel.swift */; };
		F2F563AE27A9F324007D8511 /* chessData.json in Resources */ = {isa = PBXBuildFile; fileRef = F2F563AD27A9F324007D8511 /* chessData.json */; };
/* End PBXBuildFile section */

/* Begin PBXFileReference section */
		F256AB0B27B0B59200A1058E /* dataset_lite.txt */ = {isa = PBXFileReference; lastKnownFileType = text; path = dataset_lite.txt; sourceTree = "<group>"; };
		F276372E27B33700004FF2FA /* HomeChessBoardView.swift */ = {isa = PBXFileReference; lastKnownFileType = sourcecode.swift; path = HomeChessBoardView.swift; sourceTree = "<group>"; };
		F276373027B37554004FF2FA /* ChessBoardModel.swift */ = {isa = PBXFileReference; lastKnownFileType = sourcecode.swift; path = ChessBoardModel.swift; sourceTree = "<group>"; };
		F2F5638B27A768B5007D8511 /* ChessBook.app */ = {isa = PBXFileReference; explicitFileType = wrapper.application; includeInIndex = 0; path = ChessBook.app; sourceTree = BUILT_PRODUCTS_DIR; };
		F2F5638E27A768B5007D8511 /* ChessBookApp.swift */ = {isa = PBXFileReference; lastKnownFileType = sourcecode.swift; path = ChessBookApp.swift; sourceTree = "<group>"; };
		F2F5639027A768B5007D8511 /* ContentView.swift */ = {isa = PBXFileReference; lastKnownFileType = sourcecode.swift; path = ContentView.swift; sourceTree = "<group>"; };
		F2F5639227A768B7007D8511 /* Assets.xcassets */ = {isa = PBXFileReference; lastKnownFileType = folder.assetcatalog; path = Assets.xcassets; sourceTree = "<group>"; };
		F2F5639527A768B7007D8511 /* Preview Assets.xcassets */ = {isa = PBXFileReference; lastKnownFileType = folder.assetcatalog; path = "Preview Assets.xcassets"; sourceTree = "<group>"; };
		F2F5639D27A76956007D8511 /* HomeView.swift */ = {isa = PBXFileReference; lastKnownFileType = sourcecode.swift; path = HomeView.swift; sourceTree = "<group>"; };
		F2F5639F27A76960007D8511 /* HelpView.swift */ = {isa = PBXFileReference; lastKnownFileType = sourcecode.swift; path = HelpView.swift; sourceTree = "<group>"; };
		F2F563A127A76C6D007D8511 /* ColorExtension.swift */ = {isa = PBXFileReference; lastKnownFileType = sourcecode.swift; path = ColorExtension.swift; sourceTree = "<group>"; };
		F2F563A827A8B3AE007D8511 /* Line.swift */ = {isa = PBXFileReference; lastKnownFileType = sourcecode.swift; path = Line.swift; sourceTree = "<group>"; };
		F2F563AA27A9F15F007D8511 /* DataModel.swift */ = {isa = PBXFileReference; lastKnownFileType = sourcecode.swift; path = DataModel.swift; sourceTree = "<group>"; };
		F2F563AD27A9F324007D8511 /* chessData.json */ = {isa = PBXFileReference; lastKnownFileType = text.json; path = chessData.json; sourceTree = "<group>"; };
/* End PBXFileReference section */

/* Begin PBXFrameworksBuildPhase section */
		F2F5638827A768B5007D8511 /* Frameworks */ = {
			isa = PBXFrameworksBuildPhase;
			buildActionMask = 2147483647;
			files = (
			);
			runOnlyForDeploymentPostprocessing = 0;
		};
/* End PBXFrameworksBuildPhase section */

/* Begin PBXGroup section */
		F276373227B3778C004FF2FA /* ModelView */ = {
			isa = PBXGroup;
			children = (
				F276373027B37554004FF2FA /* ChessBoardModel.swift */,
			);
			path = ModelView;
			sourceTree = "<group>";
		};
		F2F5638227A768B5007D8511 = {
			isa = PBXGroup;
			children = (
				F2F5638D27A768B5007D8511 /* ChessBook */,
				F2F5638C27A768B5007D8511 /* Products */,
			);
			sourceTree = "<group>";
		};
		F2F5638C27A768B5007D8511 /* Products */ = {
			isa = PBXGroup;
			children = (
				F2F5638B27A768B5007D8511 /* ChessBook.app */,
			);
			name = Products;
			sourceTree = "<group>";
		};
		F2F5638D27A768B5007D8511 /* ChessBook */ = {
			isa = PBXGroup;
			children = (
				F2F5638E27A768B5007D8511 /* ChessBookApp.swift */,
				F276373227B3778C004FF2FA /* ModelView */,
				F2F563AF27A9F377007D8511 /* Data */,
				F2F563A327A76C75007D8511 /* Model */,
				F2F5639C27A7693D007D8511 /* View */,
				F2F5639427A768B7007D8511 /* Preview Content */,
				F2F5639227A768B7007D8511 /* Assets.xcassets */,
			);
			path = ChessBook;
			sourceTree = "<group>";
		};
		F2F5639427A768B7007D8511 /* Preview Content */ = {
			isa = PBXGroup;
			children = (
				F2F5639527A768B7007D8511 /* Preview Assets.xcassets */,
			);
			path = "Preview Content";
			sourceTree = "<group>";
		};
		F2F5639C27A7693D007D8511 /* View */ = {
			isa = PBXGroup;
			children = (
				F2F5639027A768B5007D8511 /* ContentView.swift */,
				F2F5639D27A76956007D8511 /* HomeView.swift */,
				F276372E27B33700004FF2FA /* HomeChessBoardView.swift */,
				F2F5639F27A76960007D8511 /* HelpView.swift */,
			);
			path = View;
			sourceTree = "<group>";
		};
		F2F563A327A76C75007D8511 /* Model */ = {
			isa = PBXGroup;
			children = (
				F2F563A127A76C6D007D8511 /* ColorExtension.swift */,
				F2F563A827A8B3AE007D8511 /* Line.swift */,
				F2F563AA27A9F15F007D8511 /* DataModel.swift */,
			);
			path = Model;
			sourceTree = "<group>";
		};
		F2F563AF27A9F377007D8511 /* Data */ = {
			isa = PBXGroup;
			children = (
				F2F563AD27A9F324007D8511 /* chessData.json */,
				F256AB0B27B0B59200A1058E /* dataset_lite.txt */,
			);
			path = Data;
			sourceTree = "<group>";
		};
/* End PBXGroup section */

/* Begin PBXNativeTarget section */
		F2F5638A27A768B5007D8511 /* ChessBook */ = {
			isa = PBXNativeTarget;
			buildConfigurationList = F2F5639927A768B7007D8511 /* Build configuration list for PBXNativeTarget "ChessBook" */;
			buildPhases = (
				F2F5638727A768B5007D8511 /* Sources */,
				F2F5638827A768B5007D8511 /* Frameworks */,
				F2F5638927A768B5007D8511 /* Resources */,
			);
			buildRules = (
			);
			dependencies = (
			);
			name = ChessBook;
			productName = ChessBook;
			productReference = F2F5638B27A768B5007D8511 /* ChessBook.app */;
			productType = "com.apple.product-type.application";
		};
/* End PBXNativeTarget section */

/* Begin PBXProject section */
		F2F5638327A768B5007D8511 /* Project object */ = {
			isa = PBXProject;
			attributes = {
				BuildIndependentTargetsInParallel = 1;
				LastSwiftUpdateCheck = 1320;
				LastUpgradeCheck = 1320;
				TargetAttributes = {
					F2F5638A27A768B5007D8511 = {
						CreatedOnToolsVersion = 13.2.1;
					};
				};
			};
			buildConfigurationList = F2F5638627A768B5007D8511 /* Build configuration list for PBXProject "ChessBook" */;
			compatibilityVersion = "Xcode 13.0";
			developmentRegion = en;
			hasScannedForEncodings = 0;
			knownRegions = (
				en,
				Base,
			);
			mainGroup = F2F5638227A768B5007D8511;
			productRefGroup = F2F5638C27A768B5007D8511 /* Products */;
			projectDirPath = "";
			projectRoot = "";
			targets = (
				F2F5638A27A768B5007D8511 /* ChessBook */,
			);
		};
/* End PBXProject section */

/* Begin PBXResourcesBuildPhase section */
		F2F5638927A768B5007D8511 /* Resources */ = {
			isa = PBXResourcesBuildPhase;
			buildActionMask = 2147483647;
			files = (
				F2F5639627A768B7007D8511 /* Preview Assets.xcassets in Resources */,
				F256AB0C27B0B59200A1058E /* dataset_lite.txt in Resources */,
				F2F563AE27A9F324007D8511 /* chessData.json in Resources */,
				F2F5639327A768B7007D8511 /* Assets.xcassets in Resources */,
			);
			runOnlyForDeploymentPostprocessing = 0;
		};
/* End PBXResourcesBuildPhase section */

/* Begin PBXSourcesBuildPhase section */
		F2F5638727A768B5007D8511 /* Sources */ = {
			isa = PBXSourcesBuildPhase;
			buildActionMask = 2147483647;
			files = (
				F2F5639E27A76956007D8511 /* HomeView.swift in Sources */,
				F2F563A027A76960007D8511 /* HelpView.swift in Sources */,
				F2F5639127A768B5007D8511 /* ContentView.swift in Sources */,
				F2F5638F27A768B5007D8511 /* ChessBookApp.swift in Sources */,
				F2F563A927A8B3AE007D8511 /* Line.swift in Sources */,
				F276372F27B33700004FF2FA /* HomeChessBoardView.swift in Sources */,
				F2F563AB27A9F15F007D8511 /* DataModel.swift in Sources */,
				F2F563A227A76C6D007D8511 /* ColorExtension.swift in Sources */,
				F276373127B37555004FF2FA /* ChessBoardModel.swift in Sources */,
			);
			runOnlyForDeploymentPostprocessing = 0;
		};
/* End PBXSourcesBuildPhase section */

/* Begin XCBuildConfiguration section */
		F2F5639727A768B7007D8511 /* Debug */ = {
			isa = XCBuildConfiguration;
			buildSettings = {
				ALWAYS_SEARCH_USER_PATHS = NO;
				CLANG_ANALYZER_NONNULL = YES;
				CLANG_ANALYZER_NUMBER_OBJECT_CONVERSION = YES_AGGRESSIVE;
				CLANG_CXX_LANGUAGE_STANDARD = "gnu++17";
				CLANG_CXX_LIBRARY = "libc++";
				CLANG_ENABLE_MODULES = YES;
				CLANG_ENABLE_OBJC_ARC = YES;
				CLANG_ENABLE_OBJC_WEAK = YES;
				CLANG_WARN_BLOCK_CAPTURE_AUTORELEASING = YES;
				CLANG_WARN_BOOL_CONVERSION = YES;
				CLANG_WARN_COMMA = YES;
				CLANG_WARN_CONSTANT_CONVERSION = YES;
				CLANG_WARN_DEPRECATED_OBJC_IMPLEMENTATIONS = YES;
				CLANG_WARN_DIRECT_OBJC_ISA_USAGE = YES_ERROR;
				CLANG_WARN_DOCUMENTATION_COMMENTS = YES;
				CLANG_WARN_EMPTY_BODY = YES;
				CLANG_WARN_ENUM_CONVERSION = YES;
				CLANG_WARN_INFINITE_RECURSION = YES;
				CLANG_WARN_INT_CONVERSION = YES;
				CLANG_WARN_NON_LITERAL_NULL_CONVERSION = YES;
				CLANG_WARN_OBJC_IMPLICIT_RETAIN_SELF = YES;
				CLANG_WARN_OBJC_LITERAL_CONVERSION = YES;
				CLANG_WARN_OBJC_ROOT_CLASS = YES_ERROR;
				CLANG_WARN_QUOTED_INCLUDE_IN_FRAMEWORK_HEADER = YES;
				CLANG_WARN_RANGE_LOOP_ANALYSIS = YES;
				CLANG_WARN_STRICT_PROTOTYPES = YES;
				CLANG_WARN_SUSPICIOUS_MOVE = YES;
				CLANG_WARN_UNGUARDED_AVAILABILITY = YES_AGGRESSIVE;
				CLANG_WARN_UNREACHABLE_CODE = YES;
				CLANG_WARN__DUPLICATE_METHOD_MATCH = YES;
				COPY_PHASE_STRIP = NO;
				DEBUG_INFORMATION_FORMAT = dwarf;
				ENABLE_STRICT_OBJC_MSGSEND = YES;
				ENABLE_TESTABILITY = YES;
				GCC_C_LANGUAGE_STANDARD = gnu11;
				GCC_DYNAMIC_NO_PIC = NO;
				GCC_NO_COMMON_BLOCKS = YES;
				GCC_OPTIMIZATION_LEVEL = 0;
				GCC_PREPROCESSOR_DEFINITIONS = (
					"DEBUG=1",
					"$(inherited)",
				);
				GCC_WARN_64_TO_32_BIT_CONVERSION = YES;
				GCC_WARN_ABOUT_RETURN_TYPE = YES_ERROR;
				GCC_WARN_UNDECLARED_SELECTOR = YES;
				GCC_WARN_UNINITIALIZED_AUTOS = YES_AGGRESSIVE;
				GCC_WARN_UNUSED_FUNCTION = YES;
				GCC_WARN_UNUSED_VARIABLE = YES;
				IPHONEOS_DEPLOYMENT_TARGET = 15.2;
				MTL_ENABLE_DEBUG_INFO = INCLUDE_SOURCE;
				MTL_FAST_MATH = YES;
				ONLY_ACTIVE_ARCH = YES;
				SDKROOT = iphoneos;
				SWIFT_ACTIVE_COMPILATION_CONDITIONS = DEBUG;
				SWIFT_OPTIMIZATION_LEVEL = "-Onone";
			};
			name = Debug;
		};
		F2F5639827A768B7007D8511 /* Release */ = {
			isa = XCBuildConfiguration;
			buildSettings = {
				ALWAYS_SEARCH_USER_PATHS = NO;
				CLANG_ANALYZER_NONNULL = YES;
				CLANG_ANALYZER_NUMBER_OBJECT_CONVERSION = YES_AGGRESSIVE;
				CLANG_CXX_LANGUAGE_STANDARD = "gnu++17";
				CLANG_CXX_LIBRARY = "libc++";
				CLANG_ENABLE_MODULES = YES;
				CLANG_ENABLE_OBJC_ARC = YES;
				CLANG_ENABLE_OBJC_WEAK = YES;
				CLANG_WARN_BLOCK_CAPTURE_AUTORELEASING = YES;
				CLANG_WARN_BOOL_CONVERSION = YES;
				CLANG_WARN_COMMA = YES;
				CLANG_WARN_CONSTANT_CONVERSION = YES;
				CLANG_WARN_DEPRECATED_OBJC_IMPLEMENTATIONS = YES;
				CLANG_WARN_DIRECT_OBJC_ISA_USAGE = YES_ERROR;
				CLANG_WARN_DOCUMENTATION_COMMENTS = YES;
				CLANG_WARN_EMPTY_BODY = YES;
				CLANG_WARN_ENUM_CONVERSION = YES;
				CLANG_WARN_INFINITE_RECURSION = YES;
				CLANG_WARN_INT_CONVERSION = YES;
				CLANG_WARN_NON_LITERAL_NULL_CONVERSION = YES;
				CLANG_WARN_OBJC_IMPLICIT_RETAIN_SELF = YES;
				CLANG_WARN_OBJC_LITERAL_CONVERSION = YES;
				CLANG_WARN_OBJC_ROOT_CLASS = YES_ERROR;
				CLANG_WARN_QUOTED_INCLUDE_IN_FRAMEWORK_HEADER = YES;
				CLANG_WARN_RANGE_LOOP_ANALYSIS = YES;
				CLANG_WARN_STRICT_PROTOTYPES = YES;
				CLANG_WARN_SUSPICIOUS_MOVE = YES;
				CLANG_WARN_UNGUARDED_AVAILABILITY = YES_AGGRESSIVE;
				CLANG_WARN_UNREACHABLE_CODE = YES;
				CLANG_WARN__DUPLICATE_METHOD_MATCH = YES;
				COPY_PHASE_STRIP = NO;
				DEBUG_INFORMATION_FORMAT = "dwarf-with-dsym";
				ENABLE_NS_ASSERTIONS = NO;
				ENABLE_STRICT_OBJC_MSGSEND = YES;
				GCC_C_LANGUAGE_STANDARD = gnu11;
				GCC_NO_COMMON_BLOCKS = YES;
				GCC_WARN_64_TO_32_BIT_CONVERSION = YES;
				GCC_WARN_ABOUT_RETURN_TYPE = YES_ERROR;
				GCC_WARN_UNDECLARED_SELECTOR = YES;
				GCC_WARN_UNINITIALIZED_AUTOS = YES_AGGRESSIVE;
				GCC_WARN_UNUSED_FUNCTION = YES;
				GCC_WARN_UNUSED_VARIABLE = YES;
				IPHONEOS_DEPLOYMENT_TARGET = 15.2;
				MTL_ENABLE_DEBUG_INFO = NO;
				MTL_FAST_MATH = YES;
				SDKROOT = iphoneos;
				SWIFT_COMPILATION_MODE = wholemodule;
				SWIFT_OPTIMIZATION_LEVEL = "-O";
				VALIDATE_PRODUCT = YES;
			};
			name = Release;
		};
		F2F5639A27A768B7007D8511 /* Debug */ = {
			isa = XCBuildConfiguration;
			buildSettings = {
				ASSETCATALOG_COMPILER_APPICON_NAME = AppIcon;
				ASSETCATALOG_COMPILER_GLOBAL_ACCENT_COLOR_NAME = AccentColor;
				CODE_SIGN_STYLE = Automatic;
				CURRENT_PROJECT_VERSION = 1;
				DEVELOPMENT_ASSET_PATHS = "\"ChessBook/Preview Content\"";
				DEVELOPMENT_TEAM = 48A8TDDPJM;
				ENABLE_PREVIEWS = YES;
				GENERATE_INFOPLIST_FILE = YES;
				INFOPLIST_KEY_UIApplicationSceneManifest_Generation = YES;
				INFOPLIST_KEY_UIApplicationSupportsIndirectInputEvents = YES;
				INFOPLIST_KEY_UILaunchScreen_Generation = YES;
				INFOPLIST_KEY_UISupportedInterfaceOrientations_iPad = "UIInterfaceOrientationPortrait UIInterfaceOrientationPortraitUpsideDown UIInterfaceOrientationLandscapeLeft UIInterfaceOrientationLandscapeRight";
				INFOPLIST_KEY_UISupportedInterfaceOrientations_iPhone = "UIInterfaceOrientationPortrait UIInterfaceOrientationLandscapeLeft UIInterfaceOrientationLandscapeRight";
				LD_RUNPATH_SEARCH_PATHS = (
					"$(inherited)",
					"@executable_path/Frameworks",
				);
				MARKETING_VERSION = 1.0;
				PRODUCT_BUNDLE_IDENTIFIER = "Shady-s-Inc.ChessBook";
				PRODUCT_NAME = "$(TARGET_NAME)";
				SWIFT_EMIT_LOC_STRINGS = YES;
				SWIFT_VERSION = 5.0;
				TARGETED_DEVICE_FAMILY = "1,2";
			};
			name = Debug;
		};
		F2F5639B27A768B7007D8511 /* Release */ = {
			isa = XCBuildConfiguration;
			buildSettings = {
				ASSETCATALOG_COMPILER_APPICON_NAME = AppIcon;
				ASSETCATALOG_COMPILER_GLOBAL_ACCENT_COLOR_NAME = AccentColor;
				CODE_SIGN_STYLE = Automatic;
				CURRENT_PROJECT_VERSION = 1;
				DEVELOPMENT_ASSET_PATHS = "\"ChessBook/Preview Content\"";
				DEVELOPMENT_TEAM = 48A8TDDPJM;
				ENABLE_PREVIEWS = YES;
				GENERATE_INFOPLIST_FILE = YES;
				INFOPLIST_KEY_UIApplicationSceneManifest_Generation = YES;
				INFOPLIST_KEY_UIApplicationSupportsIndirectInputEvents = YES;
				INFOPLIST_KEY_UILaunchScreen_Generation = YES;
				INFOPLIST_KEY_UISupportedInterfaceOrientations_iPad = "UIInterfaceOrientationPortrait UIInterfaceOrientationPortraitUpsideDown UIInterfaceOrientationLandscapeLeft UIInterfaceOrientationLandscapeRight";
				INFOPLIST_KEY_UISupportedInterfaceOrientations_iPhone = "UIInterfaceOrientationPortrait UIInterfaceOrientationLandscapeLeft UIInterfaceOrientationLandscapeRight";
				LD_RUNPATH_SEARCH_PATHS = (
					"$(inherited)",
					"@executable_path/Frameworks",
				);
				MARKETING_VERSION = 1.0;
				PRODUCT_BUNDLE_IDENTIFIER = "Shady-s-Inc.ChessBook";
				PRODUCT_NAME = "$(TARGET_NAME)";
				SWIFT_EMIT_LOC_STRINGS = YES;
				SWIFT_VERSION = 5.0;
				TARGETED_DEVICE_FAMILY = "1,2";
			};
			name = Release;
		};
/* End XCBuildConfiguration section */

/* Begin XCConfigurationList section */
		F2F5638627A768B5007D8511 /* Build configuration list for PBXProject "ChessBook" */ = {
			isa = XCConfigurationList;
			buildConfigurations = (
				F2F5639727A768B7007D8511 /* Debug */,
				F2F5639827A768B7007D8511 /* Release */,
			);
			defaultConfigurationIsVisible = 0;
			defaultConfigurationName = Release;
		};
		F2F5639927A768B7007D8511 /* Build configuration list for PBXNativeTarget "ChessBook" */ = {
			isa = XCConfigurationList;
			buildConfigurations = (
				F2F5639A27A768B7007D8511 /* Debug */,
				F2F5639B27A768B7007D8511 /* Release */,
			);
			defaultConfigurationIsVisible = 0;
			defaultConfigurationName = Release;
		};
/* End XCConfigurationList section */
	};
	rootObject = F2F5638327A768B5007D8511 /* Project object */;
}
